
Microsoft Visual Studio Solution File, Format Version 12.00
# Visual Studio Version 17
VisualStudioVersion = 17.13.35828.75 d17.13
MinimumVisualStudioVersion = 10.0.40219.1
Project("{FAE04EC0-301F-11D3-BF4B-00C04F79EFBC}") = "Iris", "Iris.csproj", "{4836E1A1-F835-444B-B75C-B5C4D42B8443}"
EndProject
Project("{FAE04EC0-301F-11D3-BF4B-00C04F79EFBC}") = "IrisInfraestructure", "..\IrisInfraestructure\IrisInfraestructure.csproj", "{95B9D436-6C92-4A71-B6A2-5C58C03B0BB5}"
EndProject
Project("{FAE04EC0-301F-11D3-BF4B-00C04F79EFBC}") = "IrisCore", "..\IrisCore\IrisCore.csproj", "{1B9E9830-0D52-4442-AD5A-3E7B3F3B42FC}"
EndProject
Global
	GlobalSection(SolutionConfigurationPlatforms) = preSolution
		Debug|Any CPU = Debug|Any CPU
		Release|Any CPU = Release|Any CPU
	EndGlobalSection
	GlobalSection(ProjectConfigurationPlatforms) = postSolution
		{4836E1A1-F835-444B-B75C-B5C4D42B8443}.Debug|Any CPU.ActiveCfg = Debug|Any CPU
		{4836E1A1-F835-444B-B75C-B5C4D42B8443}.Debug|Any CPU.Build.0 = Debug|Any CPU
		{4836E1A1-F835-444B-B75C-B5C4D42B8443}.Release|Any CPU.ActiveCfg = Release|Any CPU
		{4836E1A1-F835-444B-B75C-B5C4D42B8443}.Release|Any CPU.Build.0 = Release|Any CPU
		{95B9D436-6C92-4A71-B6A2-5C58C03B0BB5}.Debug|Any CPU.ActiveCfg = Debug|Any CPU
		{95B9D436-6C92-4A71-B6A2-5C58C03B0BB5}.Debug|Any CPU.Build.0 = Debug|Any CPU
		{95B9D436-6C92-4A71-B6A2-5C58C03B0BB5}.Release|Any CPU.ActiveCfg = Release|Any CPU
		{95B9D436-6C92-4A71-B6A2-5C58C03B0BB5}.Release|Any CPU.Build.0 = Release|Any CPU
		{1B9E9830-0D52-4442-AD5A-3E7B3F3B42FC}.Debug|Any CPU.ActiveCfg = Debug|Any CPU
		{1B9E9830-0D52-4442-AD5A-3E7B3F3B42FC}.Debug|Any CPU.Build.0 = Debug|Any CPU
		{1B9E9830-0D52-4442-AD5A-3E7B3F3B42FC}.Release|Any CPU.ActiveCfg = Release|Any CPU
		{1B9E9830-0D52-4442-AD5A-3E7B3F3B42FC}.Release|Any CPU.Build.0 = Release|Any CPU
	EndGlobalSection
	GlobalSection(SolutionProperties) = preSolution
		HideSolutionNode = FALSE
	EndGlobalSection
	GlobalSection(ExtensibilityGlobals) = postSolution
		SolutionGuid = {90118D5B-241D-4CA0-891B-D9EE58C5B398}
	EndGlobalSection
EndGlobal
